# This file is autogenerated, do not edit; changes may be undone by the next 'dep ensure'.


[[projects]]
  branch = "master"
  digest = "1:cc0d153e95bd3f604ee3503e84e6dbcf7dc980e2591ffbb8b1dfed1b94f9d7cf"
  name = "github.com/cloudflare/golz4"
  packages = ["."]
  pruneopts = ""
  revision = "ef862a3cdc58a6f1fee4e3af3d44fbe279194cde"

[[projects]]
  digest = "1:0deddd908b6b4b768cfc272c16ee61e7088a60f7fe2f06c547bd3d8e1f8b8e77"
  name = "github.com/davecgh/go-spew"
  packages = ["spew"]
  pruneopts = ""
  revision = "8991bc29aa16c548c550c7ff78260e27b9ab7c73"
  version = "v1.1.1"

[[projects]]
  digest = "1:e692d16fdfbddb94e9e4886aaf6c08bdbae5cb4ac80651445de9181b371c6e46"
  name = "github.com/go-sql-driver/mysql"
  packages = ["."]
  pruneopts = ""
  revision = "72cd26f257d44c1114970e19afddcd812016007e"
  version = "v1.4.1"

[[projects]]
  branch = "master"
  digest = "1:362e75a2f1e7145059286faf8ba9599bb948cd241f772671133dbc799ce4c66e"
  name = "github.com/kshvakov/clickhouse"
  packages = [
    ".",
    "lib/binary",
    "lib/cityhash102",
    "lib/column",
    "lib/data",
    "lib/leakypool",
    "lib/lz4",
    "lib/protocol",
    "lib/types",
    "lib/writebuffer",
  ]
  pruneopts = ""
  revision = "262637fd134bfaaf29aa84fb8c8fea8daf8c38c0"

[[projects]]
  digest = "1:6f1d8239e8d3ba9aaa2e05073312ef1e44e518bf078461a3287a07cbcad4a1aa"
  name = "github.com/kshvakov/goose"
  packages = ["."]
  pruneopts = ""
  revision = "056a4d47dcc4d67fa3947a4f13945a5c690e568b"
  version = "v2.1.0"

[[projects]]
  branch = "master"
  digest = "1:b23431cd588bb800c8bdf7aa55c239a5a0b07427f960852764230b9a4eb2e497"
  name = "github.com/lib/pq"
  packages = [
    ".",
    "oid",
    "scram",
  ]
  pruneopts = ""
  revision = "78223426e7c66d631117c0a9da1b7f3fde4d23a5"

[[projects]]
  digest = "1:cd4379452cc81f79acc16c477a1d1d7c2bf5807697f6cf3aafe221c4fbfed4ce"
  name = "github.com/mattn/go-sqlite3"
  packages = ["."]
  pruneopts = ""
  revision = "b612a2feea6aa87c6d052d9086572551df06497e"
  version = "v1.11.0"

[[projects]]
  digest = "1:1d7e1867c49a6dd9856598ef7c3123604ea3daabf5b83f303ff457bcbc410b1d"
  name = "github.com/pkg/errors"
  packages = ["."]
  pruneopts = ""
  revision = "ba968bfe8b2f7e042a574c888954fccecfa385b4"
  version = "v0.8.1"

[[projects]]
  digest = "1:256484dbbcd271f9ecebc6795b2df8cad4c458dd0f5fd82a8c2fa0c29f233411"
  name = "github.com/pmezard/go-difflib"
  packages = ["difflib"]
  pruneopts = ""
  revision = "792786c7400a136282c1664665ae0a8db921c6c2"
  version = "v1.0.0"

[[projects]]
  digest = "1:fdbe7e05d74cc4d175cc4515a7807a5bb8b66ebe130da382b99713c9038648ae"
  name = "github.com/pressly/goose"
  packages = ["."]
  pruneopts = ""
  revision = "e4b98955473e91a12fc7d8816c28d06376d1d92c"
  version = "v2.6.0"

[[projects]]
  digest = "1:f7b541897bcde05a04a044c342ddc7425aab7e331f37b47fbb486cd16324b48e"
  name = "github.com/stretchr/testify"
  packages = ["assert"]
  pruneopts = ""
  revision = "221dbe5ed46703ee255b1da0dec05086f5035f62"
  version = "v1.4.0"

[[projects]]
  digest = "1:2a34b37d017e0e03a1683598ce909369e04a84bd082ccab9528dd68ed384b987"
  name = "github.com/ziutek/mymysql"
  packages = [
    "godrv",
    "mysql",
    "native",
  ]
  pruneopts = ""
  revision = "e08c2f35356576b3c3690c252fe5dca728ae9292"
  version = "v1.5.4"

[[projects]]
  digest = "1:47f391ee443f578f01168347818cb234ed819521e49e4d2c8dd2fb80d48ee41a"
  name = "google.golang.org/appengine"
  packages = ["cloudsql"]
  pruneopts = ""
  revision = "b2f4a3cf3c67576a2ee09e1fe62656a5086ce880"
  version = "v1.6.1"

[[projects]]
  digest = "1:cedccf16b71e86db87a24f8d4c70b0a855872eb967cb906a66b95de56aefbd0d"
  name = "gopkg.in/yaml.v2"
  packages = ["."]
  pruneopts = ""
  revision = "51d6538a90f86fe93ac480b35f37b2be17fef232"
  version = "v2.2.2"

[solve-meta]
  analyzer-name = "dep"
  analyzer-version = 1
  input-imports = [
    "github.com/go-sql-driver/mysql",
    "github.com/kshvakov/clickhouse",
    "github.com/kshvakov/goose",
    "github.com/lib/pq",
    "github.com/mattn/go-sqlite3",
    "github.com/pressly/goose",
    "github.com/stretchr/testify/assert",
    "github.com/ziutek/mymysql/godrv",
  ]
  solver-name = "gps-cdcl"
  solver-version = 1
